// !$*UTF8*$!
{
	archiveVersion = 1;
	classes = {
	};
	objectVersion = 50;
	objects = {

/* Begin PBXBuildFile section */
		045315F7246D17BA00130900 /* AppDelegate.swift in Sources */ = {isa = PBXBuildFile; fileRef = 045315F6246D17BA00130900 /* AppDelegate.swift */; };
		045315F9246D17BA00130900 /* SceneDelegate.swift in Sources */ = {isa = PBXBuildFile; fileRef = 045315F8246D17BA00130900 /* SceneDelegate.swift */; };
		045315FB246D17BA00130900 /* ViewController.swift in Sources */ = {isa = PBXBuildFile; fileRef = 045315FA246D17BA00130900 /* ViewController.swift */; };
		045315FE246D17BA00130900 /* Main.storyboard in Resources */ = {isa = PBXBuildFile; fileRef = 045315FC246D17BA00130900 /* Main.storyboard */; };
		04531600246D17BE00130900 /* Assets.xcassets in Resources */ = {isa = PBXBuildFile; fileRef = 045315FF246D17BE00130900 /* Assets.xcassets */; };
		04531603246D17BE00130900 /* LaunchScreen.storyboard in Resources */ = {isa = PBXBuildFile; fileRef = 04531601246D17BE00130900 /* LaunchScreen.storyboard */; };
/* End PBXBuildFile section */

/* Begin PBXFileReference section */
		045315F3246D17BA00130900 /* AutoLayout(Interface Builder).app */ = {isa = PBXFileReference; explicitFileType = wrapper.application; includeInIndex = 0; path = "AutoLayout(Interface Builder).app"; sourceTree = BUILT_PRODUCTS_DIR; };
		045315F6246D17BA00130900 /* AppDelegate.swift */ = {isa = PBXFileReference; lastKnownFileType = sourcecode.swift; path = AppDelegate.swift; sourceTree = "<group>"; };
		045315F8246D17BA00130900 /* SceneDelegate.swift */ = {isa = PBXFileReference; lastKnownFileType = sourcecode.swift; path = SceneDelegate.swift; sourceTree = "<group>"; };
		045315FA246D17BA00130900 /* ViewController.swift */ = {isa = PBXFileReference; indentWidth = 10; lastKnownFileType = sourcecode.swift; path = ViewController.swift; sourceTree = "<group>"; tabWidth = 10; usesTabs = 0; };
		045315FD246D17BA00130900 /* Base */ = {isa = PBXFileReference; lastKnownFileType = file.storyboard; name = Base; path = Base.lproj/Main.storyboard; sourceTree = "<group>"; };
		045315FF246D17BE00130900 /* Assets.xcassets */ = {isa = PBXFileReference; lastKnownFileType = folder.assetcatalog; path = Assets.xcassets; sourceTree = "<group>"; };
		04531602246D17BE00130900 /* Base */ = {isa = PBXFileReference; lastKnownFileType = file.storyboard; name = Base; path = Base.lproj/LaunchScreen.storyboard; sourceTree = "<group>"; };
		04531604246D17BE00130900 /* Info.plist */ = {isa = PBXFileReference; lastKnownFileType = text.plist.xml; path = Info.plist; sourceTree = "<group>"; };
/* End PBXFileReference section */

/* Begin PBXFrameworksBuildPhase section */
		045315F0246D17BA00130900 /* Frameworks */ = {
			isa = PBXFrameworksBuildPhase;
			buildActionMask = 2147483647;
			files = (
			);
			runOnlyForDeploymentPostprocessing = 0;
		};
/* End PBXFrameworksBuildPhase section */

/* Begin PBXGroup section */
		045315EA246D17BA00130900 = {
			isa = PBXGroup;
			children = (
				045315F5246D17BA00130900 /* AutoLayout(Interface Builder) */,
				045315F4246D17BA00130900 /* Products */,
			);
			sourceTree = "<group>";
		};
		045315F4246D17BA00130900 /* Products */ = {
			isa = PBXGroup;
			children = (
				045315F3246D17BA00130900 /* AutoLayout(Interface Builder).app */,
			);
			name = Products;
			sourceTree = "<group>";
		};
		045315F5246D17BA00130900 /* AutoLayout(Interface Builder) */ = {
			isa = PBXGroup;
			children = (
				045315F6246D17BA00130900 /* AppDelegate.swift */,
				045315F8246D17BA00130900 /* SceneDelegate.swift */,
				045315FA246D17BA00130900 /* ViewController.swift */,
				045315FC246D17BA00130900 /* Main.storyboard */,
				045315FF246D17BE00130900 /* Assets.xcassets */,
				04531601246D17BE00130900 /* LaunchScreen.storyboard */,
				04531604246D17BE00130900 /* Info.plist */,
			);
			path = "AutoLayout(Interface Builder)";
			sourceTree = "<group>";
		};
/* End PBXGroup section */

/* Begin PBXNativeTarget section */
		045315F2246D17BA00130900 /* AutoLayout(Interface Builder) */ = {
			isa = PBXNativeTarget;
			buildConfigurationList = 04531607246D17BE00130900 /* Build configuration list for PBXNativeTarget "AutoLayout(Interface Builder)" */;
			buildPhases = (
				045315EF246D17BA00130900 /* Sources */,
				045315F0246D17BA00130900 /* Frameworks */,
				045315F1246D17BA00130900 /* Resources */,
			);
			buildRules = (
			);
			dependencies = (
			);
			name = "AutoLayout(Interface Builder)";
			productName = "AutoLayout(Interface Builder)";
			productReference = 045315F3246D17BA00130900 /* AutoLayout(Interface Builder).app */;
			productType = "com.apple.product-type.application";
		};
/* End PBXNativeTarget section */

/* Begin PBXProject section */
		045315EB246D17BA00130900 /* Project object */ = {
			isa = PBXProject;
			attributes = {
				LastSwiftUpdateCheck = 1140;
				LastUpgradeCheck = 1140;
				ORGANIZATIONNAME = classWork;
				TargetAttributes = {
					045315F2246D17BA00130900 = {
						CreatedOnToolsVersion = 11.4.1;
					};
				};
			};
			buildConfigurationList = 045315EE246D17BA00130900 /* Build configuration list for PBXProject "AutoLayout(Interface Builder)" */;
			compatibilityVersion = "Xcode 9.3";
			developmentRegion = en;
			hasScannedForEncodings = 0;
			knownRegions = (
				en,
				Base,
			);
			mainGroup = 045315EA246D17BA00130900;
			productRefGroup = 045315F4246D17BA00130900 /* Products */;
			projectDirPath = "";
			projectRoot = "";
			targets = (
				045315F2246D17BA00130900 /* AutoLayout(Interface Builder) */,
			);
		};
/* End PBXProject section */

/* Begin PBXResourcesBuildPhase section */
		045315F1246D17BA00130900 /* Resources */ = {
			isa = PBXResourcesBuildPhase;
			buildActionMask = 2147483647;
			files = (
				04531603246D17BE00130900 /* LaunchScreen.storyboard in Resources */,
				04531600246D17BE00130900 /* Assets.xcassets in Resources */,
				045315FE246D17BA00130900 /* Main.storyboard in Resources */,
			);
			runOnlyForDeploymentPostprocessing = 0;
		};
/* End PBXResourcesBuildPhase section */

/* Begin PBXSourcesBuildPhase section */
		045315EF246D17BA00130900 /* Sources */ = {
			isa = PBXSourcesBuildPhase;
			buildActionMask = 2147483647;
			files = (
				045315FB246D17BA00130900 /* ViewController.swift in Sources */,
				045315F7246D17BA00130900 /* AppDelegate.swift in Sources */,
				045315F9246D17BA00130900 /* SceneDelegate.swift in Sources */,
			);
			runOnlyForDeploymentPostprocessing = 0;
		};
/* End PBXSourcesBuildPhase section */

/* Begin PBXVariantGroup section */
		045315FC246D17BA00130900 /* Main.storyboard */ = {
			isa = PBXVariantGroup;
			children = (
				045315FD246D17BA00130900 /* Base */,
			);
			name = Main.storyboard;
			sourceTree = "<group>";
		};
		04531601246D17BE00130900 /* LaunchScreen.storyboard */ = {
			isa = PBXVariantGroup;
			children = (
				04531602246D17BE00130900 /* Base */,
			);
			name = LaunchScreen.storyboard;
			sourceTree = "<group>";
		};
/* End PBXVariantGroup section */

/* Begin XCBuildConfiguration section */
		04531605246D17BE00130900 /* Debug */ = {
			isa = XCBuildConfiguration;
			buildSettings = {
				ALWAYS_SEARCH_USER_PATHS = NO;
				CLANG_ANALYZER_NONNULL = YES;
				CLANG_ANALYZER_NUMBER_OBJECT_CONVERSION = YES_AGGRESSIVE;
				CLANG_CXX_LANGUAGE_STANDARD = "gnu++14";
				CLANG_CXX_LIBRARY = "libc++";
				CLANG_ENABLE_MODULES = YES;
				CLANG_ENABLE_OBJC_ARC = YES;
				CLANG_ENABLE_OBJC_WEAK = YES;
				CLANG_WARN_BLOCK_CAPTURE_AUTORELEASING = YES;
				CLANG_WARN_BOOL_CONVERSION = YES;
				CLANG_WARN_COMMA = YES;
				CLANG_WARN_CONSTANT_CONVERSION = YES;
				CLANG_WARN_DEPRECATED_OBJC_IMPLEMENTATIONS = YES;
				CLANG_WARN_DIRECT_OBJC_ISA_USAGE = YES_ERROR;
				CLANG_WARN_DOCUMENTATION_COMMENTS = YES;
				CLANG_WARN_EMPTY_BODY = YES;
				CLANG_WARN_ENUM_CONVERSION = YES;
				CLANG_WARN_INFINITE_RECURSION = YES;
				CLANG_WARN_INT_CONVERSION = YES;
				CLANG_WARN_NON_LITERAL_NULL_CONVERSION = YES;
				CLANG_WARN_OBJC_IMPLICIT_RETAIN_SELF = YES;
				CLANG_WARN_OBJC_LITERAL_CONVERSION = YES;
				CLANG_WARN_OBJC_ROOT_CLASS = YES_ERROR;
				CLANG_WARN_RANGE_LOOP_ANALYSIS = YES;
				CLANG_WARN_STRICT_PROTOTYPES = YES;
				CLANG_WARN_SUSPICIOUS_MOVE = YES;
				CLANG_WARN_UNGUARDED_AVAILABILITY = YES_AGGRESSIVE;
				CLANG_WARN_UNREACHABLE_CODE = YES;
				CLANG_WARN__DUPLICATE_METHOD_MATCH = YES;
				COPY_PHASE_STRIP = NO;
				DEBUG_INFORMATION_FORMAT = dwarf;
				ENABLE_STRICT_OBJC_MSGSEND = YES;
				ENABLE_TESTABILITY = YES;
				GCC_C_LANGUAGE_STANDARD = gnu11;
				GCC_DYNAMIC_NO_PIC = NO;
				GCC_NO_COMMON_BLOCKS = YES;
				GCC_OPTIMIZATION_LEVEL = 0;
				GCC_PREPROCESSOR_DEFINITIONS = (
					"DEBUG=1",
					"$(inherited)",
				);
				GCC_WARN_64_TO_32_BIT_CONVERSION = YES;
				GCC_WARN_ABOUT_RETURN_TYPE = YES_ERROR;
				GCC_WARN_UNDECLARED_SELECTOR = YES;
				GCC_WARN_UNINITIALIZED_AUTOS = YES_AGGRESSIVE;
				GCC_WARN_UNUSED_FUNCTION = YES;
				GCC_WARN_UNUSED_VARIABLE = YES;
				IPHONEOS_DEPLOYMENT_TARGET = 13.4;
				MTL_ENABLE_DEBUG_INFO = INCLUDE_SOURCE;
				MTL_FAST_MATH = YES;
				ONLY_ACTIVE_ARCH = YES;
				SDKROOT = iphoneos;
				SWIFT_ACTIVE_COMPILATION_CONDITIONS = DEBUG;
				SWIFT_OPTIMIZATION_LEVEL = "-Onone";
			};
			name = Debug;
		};
		04531606246D17BE00130900 /* Release */ = {
			isa = XCBuildConfiguration;
			buildSettings = {
				ALWAYS_SEARCH_USER_PATHS = NO;
				CLANG_ANALYZER_NONNULL = YES;
				CLANG_ANALYZER_NUMBER_OBJECT_CONVERSION = YES_AGGRESSIVE;
				CLANG_CXX_LANGUAGE_STANDARD = "gnu++14";
				CLANG_CXX_LIBRARY = "libc++";
				CLANG_ENABLE_MODULES = YES;
				CLANG_ENABLE_OBJC_ARC = YES;
				CLANG_ENABLE_OBJC_WEAK = YES;
				CLANG_WARN_BLOCK_CAPTURE_AUTORELEASING = YES;
				CLANG_WARN_BOOL_CONVERSION = YES;
				CLANG_WARN_COMMA = YES;
				CLANG_WARN_CONSTANT_CONVERSION = YES;
				CLANG_WARN_DEPRECATED_OBJC_IMPLEMENTATIONS = YES;
				CLANG_WARN_DIRECT_OBJC_ISA_USAGE = YES_ERROR;
				CLANG_WARN_DOCUMENTATION_COMMENTS = YES;
				CLANG_WARN_EMPTY_BODY = YES;
				CLANG_WARN_ENUM_CONVERSION = YES;
				CLANG_WARN_INFINITE_RECURSION = YES;
				CLANG_WARN_INT_CONVERSION = YES;
				CLANG_WARN_NON_LITERAL_NULL_CONVERSION = YES;
				CLANG_WARN_OBJC_IMPLICIT_RETAIN_SELF = YES;
				CLANG_WARN_OBJC_LITERAL_CONVERSION = YES;
				CLANG_WARN_OBJC_ROOT_CLASS = YES_ERROR;
				CLANG_WARN_RANGE_LOOP_ANALYSIS = YES;
				CLANG_WARN_STRICT_PROTOTYPES = YES;
				CLANG_WARN_SUSPICIOUS_MOVE = YES;
				CLANG_WARN_UNGUARDED_AVAILABILITY = YES_AGGRESSIVE;
				CLANG_WARN_UNREACHABLE_CODE = YES;
				CLANG_WARN__DUPLICATE_METHOD_MATCH = YES;
				COPY_PHASE_STRIP = NO;
				DEBUG_INFORMATION_FORMAT = "dwarf-with-dsym";
				ENABLE_NS_ASSERTIONS = NO;
				ENABLE_STRICT_OBJC_MSGSEND = YES;
				GCC_C_LANGUAGE_STANDARD = gnu11;
				GCC_NO_COMMON_BLOCKS = YES;
				GCC_WARN_64_TO_32_BIT_CONVERSION = YES;
				GCC_WARN_ABOUT_RETURN_TYPE = YES_ERROR;
				GCC_WARN_UNDECLARED_SELECTOR = YES;
				GCC_WARN_UNINITIALIZED_AUTOS = YES_AGGRESSIVE;
				GCC_WARN_UNUSED_FUNCTION = YES;
				GCC_WARN_UNUSED_VARIABLE = YES;
				IPHONEOS_DEPLOYMENT_TARGET = 13.4;
				MTL_ENABLE_DEBUG_INFO = NO;
				MTL_FAST_MATH = YES;
				SDKROOT = iphoneos;
				SWIFT_COMPILATION_MODE = wholemodule;
				SWIFT_OPTIMIZATION_LEVEL = "-O";
				VALIDATE_PRODUCT = YES;
			};
			name = Release;
		};
		04531608246D17BE00130900 /* Debug */ = {
			isa = XCBuildConfiguration;
			buildSettings = {
				ASSETCATALOG_COMPILER_APPICON_NAME = AppIcon;
				CODE_SIGN_STYLE = Automatic;
				DEVELOPMENT_TEAM = C2NVD9DYR9;
				INFOPLIST_FILE = "AutoLayout(Interface Builder)/Info.plist";
				LD_RUNPATH_SEARCH_PATHS = (
					"$(inherited)",
					"@executable_path/Frameworks",
				);
				PRODUCT_BUNDLE_IDENTIFIER = "VladL.AutoLayout-Interface-Builder-";
				PRODUCT_NAME = "$(TARGET_NAME)";
				SWIFT_VERSION = 5.0;
				TARGETED_DEVICE_FAMILY = "1,2";
			};
			name = Debug;
		};
		04531609246D17BE00130900 /* Release */ = {
			isa = XCBuildConfiguration;
			buildSettings = {
				ASSETCATALOG_COMPILER_APPICON_NAME = AppIcon;
				CODE_SIGN_STYLE = Automatic;
				DEVELOPMENT_TEAM = C2NVD9DYR9;
				INFOPLIST_FILE = "AutoLayout(Interface Builder)/Info.plist";
				LD_RUNPATH_SEARCH_PATHS = (
					"$(inherited)",
					"@executable_path/Frameworks",
				);
				PRODUCT_BUNDLE_IDENTIFIER = "VladL.AutoLayout-Interface-Builder-";
				PRODUCT_NAME = "$(TARGET_NAME)";
				SWIFT_VERSION = 5.0;
				TARGETED_DEVICE_FAMILY = "1,2";
			};
			name = Release;
		};
/* End XCBuildConfiguration section */

/* Begin XCConfigurationList section */
		045315EE246D17BA00130900 /* Build configuration list for PBXProject "AutoLayout(Interface Builder)" */ = {
			isa = XCConfigurationList;
			buildConfigurations = (
				04531605246D17BE00130900 /* Debug */,
				04531606246D17BE00130900 /* Release */,
			);
			defaultConfigurationIsVisible = 0;
			defaultConfigurationName = Release;
		};
		04531607246D17BE00130900 /* Build configuration list for PBXNativeTarget "AutoLayout(Interface Builder)" */ = {
			isa = XCConfigurationList;
			buildConfigurations = (
				04531608246D17BE00130900 /* Debug */,
				04531609246D17BE00130900 /* Release */,
			);
			defaultConfigurationIsVisible = 0;
			defaultConfigurationName = Release;
		};
/* End XCConfigurationList section */
	};
	rootObject = 045315EB246D17BA00130900 /* Project object */;
}
